// !$*UTF8*$!
{
	archiveVersion = 1;
	classes = {
	};
	objectVersion = 53;
	objects = {

/* Begin PBXBuildFile section */
		0FAF03B9256B1F420002B230 /* BaseClient+Test.swift in Sources */ = {isa = PBXBuildFile; fileRef = 0FAF03B8256B1F420002B230 /* BaseClient+Test.swift */; };
		0FAF03BB256B1FC40002B230 /* AddFinishRequest.swift in Sources */ = {isa = PBXBuildFile; fileRef = 0FAF03BA256B1FC40002B230 /* AddFinishRequest.swift */; };
		0FAF03BD256B245D0002B230 /* SuccessResponse.swift in Sources */ = {isa = PBXBuildFile; fileRef = 0FAF03BC256B245D0002B230 /* SuccessResponse.swift */; };
		2FDBDBEF064FAA94BFCFC06C /* Pods_vocablearnerTests.framework in Frameworks */ = {isa = PBXBuildFile; fileRef = 603ED3FC6EDD6FC093D54BFE /* Pods_vocablearnerTests.framework */; };
		36453BA2FF8FD0A7888F7397 /* Pods_vocablearner_vocablearnerUITests.framework in Frameworks */ = {isa = PBXBuildFile; fileRef = C1F72480BACCF4D625710B59 /* Pods_vocablearner_vocablearnerUITests.framework */; };
		5C0BB7F6256751D700FC4996 /* AddCateRequest.swift in Sources */ = {isa = PBXBuildFile; fileRef = 5C0BB7F5256751D700FC4996 /* AddCateRequest.swift */; };
		5C0BB7FB25676BBE00FC4996 /* ValidationHelper.swift in Sources */ = {isa = PBXBuildFile; fileRef = 5C0BB7FA25676BBE00FC4996 /* ValidationHelper.swift */; };
		5C11BB63253FF38B00AB4D3B /* AppDelegate.swift in Sources */ = {isa = PBXBuildFile; fileRef = 5C11BB62253FF38B00AB4D3B /* AppDelegate.swift */; };
		5C11BB65253FF38B00AB4D3B /* SceneDelegate.swift in Sources */ = {isa = PBXBuildFile; fileRef = 5C11BB64253FF38B00AB4D3B /* SceneDelegate.swift */; };
		5C11BB67253FF38B00AB4D3B /* LoginController.swift in Sources */ = {isa = PBXBuildFile; fileRef = 5C11BB66253FF38B00AB4D3B /* LoginController.swift */; };
		5C11BB6A253FF38B00AB4D3B /* Main.storyboard in Resources */ = {isa = PBXBuildFile; fileRef = 5C11BB68253FF38B00AB4D3B /* Main.storyboard */; };
		5C11BB6C253FF38E00AB4D3B /* Assets.xcassets in Resources */ = {isa = PBXBuildFile; fileRef = 5C11BB6B253FF38E00AB4D3B /* Assets.xcassets */; };
		5C11BB6F253FF38E00AB4D3B /* LaunchScreen.storyboard in Resources */ = {isa = PBXBuildFile; fileRef = 5C11BB6D253FF38E00AB4D3B /* LaunchScreen.storyboard */; };
		5C11BB7A253FF38E00AB4D3B /* vocablearnerTests.swift in Sources */ = {isa = PBXBuildFile; fileRef = 5C11BB79253FF38E00AB4D3B /* vocablearnerTests.swift */; };
		5C11BB85253FF38E00AB4D3B /* vocablearnerUITests.swift in Sources */ = {isa = PBXBuildFile; fileRef = 5C11BB84253FF38E00AB4D3B /* vocablearnerUITests.swift */; };
		5C18CCE42547BF15004934C5 /* CategoryCell.swift in Sources */ = {isa = PBXBuildFile; fileRef = 5C18CCE32547BF15004934C5 /* CategoryCell.swift */; };
		5C193550255D34EB008869B4 /* AddCategoryController.swift in Sources */ = {isa = PBXBuildFile; fileRef = 5C19354F255D34EB008869B4 /* AddCategoryController.swift */; };
		5C22F5AC2564B13D00577558 /* CategoryHeaderCell.swift in Sources */ = {isa = PBXBuildFile; fileRef = 5C22F5AB2564B13D00577558 /* CategoryHeaderCell.swift */; };
		5C23D7E925412BEF00FF5B8B /* BaseClient.swift in Sources */ = {isa = PBXBuildFile; fileRef = 5C23D7E725412BEF00FF5B8B /* BaseClient.swift */; };
		5C23D7EA25412BEF00FF5B8B /* BaseClient+User.swift in Sources */ = {isa = PBXBuildFile; fileRef = 5C23D7E825412BEF00FF5B8B /* BaseClient+User.swift */; };
		5C23D7FF254173A400FF5B8B /* CurrentUser.swift in Sources */ = {isa = PBXBuildFile; fileRef = 5C23D7FE254173A400FF5B8B /* CurrentUser.swift */; };
		5C23D8122541796900FF5B8B /* RealmManager.swift in Sources */ = {isa = PBXBuildFile; fileRef = 5C23D8112541796900FF5B8B /* RealmManager.swift */; };
		5C2E0149254A9DB00000E18B /* Binz.txt in Resources */ = {isa = PBXBuildFile; fileRef = 5C2E0148254A9DB00000E18B /* Binz.txt */; };
		5C2E0157254A9E230000E18B /* VocabularyController.swift in Sources */ = {isa = PBXBuildFile; fileRef = 5C2E0156254A9E230000E18B /* VocabularyController.swift */; };
		5C2E015C254ABD200000E18B /* TestModel.swift in Sources */ = {isa = PBXBuildFile; fileRef = 5C2E015B254ABD200000E18B /* TestModel.swift */; };
		5C2E0161254ABD760000E18B /* TestBaseResponse.swift in Sources */ = {isa = PBXBuildFile; fileRef = 5C2E0160254ABD760000E18B /* TestBaseResponse.swift */; };
		5C4ADC6E254C143800A6B445 /* LearnVocabularyController.swift in Sources */ = {isa = PBXBuildFile; fileRef = 5C4ADC6D254C143800A6B445 /* LearnVocabularyController.swift */; };
		5C63C6A4255A3517007DB2CC /* GoTestControllerButton.swift in Sources */ = {isa = PBXBuildFile; fileRef = 5C63C6A3255A3517007DB2CC /* GoTestControllerButton.swift */; };
		5C63C6A9255A3CC9007DB2CC /* OptionView.swift in Sources */ = {isa = PBXBuildFile; fileRef = 5C63C6A8255A3CC9007DB2CC /* OptionView.swift */; };
		5C63C6AE255A3F07007DB2CC /* TestCell.swift in Sources */ = {isa = PBXBuildFile; fileRef = 5C63C6AD255A3F07007DB2CC /* TestCell.swift */; };
		5C63C6B6255A4452007DB2CC /* TestController.swift in Sources */ = {isa = PBXBuildFile; fileRef = 5C63C6B5255A4452007DB2CC /* TestController.swift */; };
		5C77E9282552549800A86469 /* AudioCell.swift in Sources */ = {isa = PBXBuildFile; fileRef = 5C77E9272552549800A86469 /* AudioCell.swift */; };
		5C77E92D255254AD00A86469 /* CheckAudioCell.swift in Sources */ = {isa = PBXBuildFile; fileRef = 5C77E92C255254AD00A86469 /* CheckAudioCell.swift */; };
		5C9DECEE254A5D6D00DC182F /* MyNote.txt in Resources */ = {isa = PBXBuildFile; fileRef = 5C9DECED254A5D6D00DC182F /* MyNote.txt */; };
		5C9DECFC254A795600DC182F /* VocabularyCell.swift in Sources */ = {isa = PBXBuildFile; fileRef = 5C9DECFB254A795600DC182F /* VocabularyCell.swift */; };
		5C9E4F772540121D00948C49 /* BaseUrl.swift in Sources */ = {isa = PBXBuildFile; fileRef = 5C9E4F762540121D00948C49 /* BaseUrl.swift */; };
		5C9E4F7C2540141500948C49 /* StoryboardString.swift in Sources */ = {isa = PBXBuildFile; fileRef = 5C9E4F7B2540141500948C49 /* StoryboardString.swift */; };
		5C9E4F81254014A400948C49 /* CommonResources.swift in Sources */ = {isa = PBXBuildFile; fileRef = 5C9E4F80254014A400948C49 /* CommonResources.swift */; };
		5C9E4F882540153600948C49 /* ServerKey.swift in Sources */ = {isa = PBXBuildFile; fileRef = 5C9E4F852540153600948C49 /* ServerKey.swift */; };
		5C9E4F892540153600948C49 /* CommonExtension.swift in Sources */ = {isa = PBXBuildFile; fileRef = 5C9E4F862540153600948C49 /* CommonExtension.swift */; };
		5C9E4F8A2540153600948C49 /* ListTransform.swift in Sources */ = {isa = PBXBuildFile; fileRef = 5C9E4F872540153600948C49 /* ListTransform.swift */; };
		5C9E4FA6254024C400948C49 /* DataManager.swift in Sources */ = {isa = PBXBuildFile; fileRef = 5C9E4FA5254024C400948C49 /* DataManager.swift */; };
		5C9E4FB82540258B00948C49 /* BaseResponse.swift in Sources */ = {isa = PBXBuildFile; fileRef = 5C9E4FB72540258B00948C49 /* BaseResponse.swift */; };
		5C9E4FBD2540273C00948C49 /* UserModel.swift in Sources */ = {isa = PBXBuildFile; fileRef = 5C9E4FBC2540273C00948C49 /* UserModel.swift */; };
		5C9E4FC22540282300948C49 /* UserInfoResponse.swift in Sources */ = {isa = PBXBuildFile; fileRef = 5C9E4FC12540282300948C49 /* UserInfoResponse.swift */; };
		5C9E833B2542921D00A032E6 /* ParentController.swift in Sources */ = {isa = PBXBuildFile; fileRef = 5C9E833A2542921D00A032E6 /* ParentController.swift */; };
		5C9E8340254294D500A032E6 /* EnvironmentConfig.swift in Sources */ = {isa = PBXBuildFile; fileRef = 5C9E833F254294D500A032E6 /* EnvironmentConfig.swift */; };
		5C9E8345254295F600A032E6 /* UserController.swift in Sources */ = {isa = PBXBuildFile; fileRef = 5C9E8344254295F600A032E6 /* UserController.swift */; };
		5C9E834A2542962200A032E6 /* CategoryController.swift in Sources */ = {isa = PBXBuildFile; fileRef = 5C9E83492542962200A032E6 /* CategoryController.swift */; };
		5C9E834F2542B3E100A032E6 /* VocabularyModel.swift in Sources */ = {isa = PBXBuildFile; fileRef = 5C9E834E2542B3E100A032E6 /* VocabularyModel.swift */; };
		5C9E83542542B4CA00A032E6 /* VocabularyResponse.swift in Sources */ = {isa = PBXBuildFile; fileRef = 5C9E83532542B4CA00A032E6 /* VocabularyResponse.swift */; };
		5C9E83592542DE0C00A032E6 /* BaseClient+Vocabulary.swift in Sources */ = {isa = PBXBuildFile; fileRef = 5C9E83582542DE0C00A032E6 /* BaseClient+Vocabulary.swift */; };
		5CA34CC0254F9A8C009BBE34 /* LearnVocabularyCell.swift in Sources */ = {isa = PBXBuildFile; fileRef = 5CA34CBF254F9A8C009BBE34 /* LearnVocabularyCell.swift */; };
		5CA34CCE254FB401009BBE34 /* ImageCell.swift in Sources */ = {isa = PBXBuildFile; fileRef = 5CA34CCD254FB401009BBE34 /* ImageCell.swift */; };
		5CB7B09A2564F527007011FE /* AddVocabularyController.swift in Sources */ = {isa = PBXBuildFile; fileRef = 5CB7B0992564F527007011FE /* AddVocabularyController.swift */; };
		5CB7B0A82564F694007011FE /* AddVocabImageCell.swift in Sources */ = {isa = PBXBuildFile; fileRef = 5CB7B0A72564F694007011FE /* AddVocabImageCell.swift */; };
		5CB7B0AD2564F6A9007011FE /* AddCateImageCell.swift in Sources */ = {isa = PBXBuildFile; fileRef = 5CB7B0AC2564F6A9007011FE /* AddCateImageCell.swift */; };
		5CB7B0B22564F764007011FE /* AddCateDefinitionCell.swift in Sources */ = {isa = PBXBuildFile; fileRef = 5CB7B0B12564F764007011FE /* AddCateDefinitionCell.swift */; };
		5CB7B0B72564F7BB007011FE /* AddCateNameCell.swift in Sources */ = {isa = PBXBuildFile; fileRef = 5CB7B0B62564F7BB007011FE /* AddCateNameCell.swift */; };
		5CB7B0BC2564F7CE007011FE /* AddCateLevelCell.swift in Sources */ = {isa = PBXBuildFile; fileRef = 5CB7B0BB2564F7CE007011FE /* AddCateLevelCell.swift */; };
		5CB7B0C1256606AE007011FE /* AddCateProtocol.swift in Sources */ = {isa = PBXBuildFile; fileRef = 5CB7B0C0256606AE007011FE /* AddCateProtocol.swift */; };
		5CBCEFE62555358B0090E74F /* DefinitionCell.swift in Sources */ = {isa = PBXBuildFile; fileRef = 5CBCEFE52555358B0090E74F /* DefinitionCell.swift */; };
		5CBCEFF62555465D0090E74F /* TBLDefaultCell.swift in Sources */ = {isa = PBXBuildFile; fileRef = 5CBCEFF52555465D0090E74F /* TBLDefaultCell.swift */; };
		5CD4A13C2559235100621E40 /* DocumentManager.swift in Sources */ = {isa = PBXBuildFile; fileRef = 5CD4A13B2559235100621E40 /* DocumentManager.swift */; };
		5CDE88732547C50900F8851A /* CategoryModel.swift in Sources */ = {isa = PBXBuildFile; fileRef = 5CDE88722547C50900F8851A /* CategoryModel.swift */; };
		5CDE88782547C93400F8851A /* CategoryResponse.swift in Sources */ = {isa = PBXBuildFile; fileRef = 5CDE88772547C93400F8851A /* CategoryResponse.swift */; };
		5CDE887D2547C9B300F8851A /* BaseClient+Category.swift in Sources */ = {isa = PBXBuildFile; fileRef = 5CDE887C2547C9B300F8851A /* BaseClient+Category.swift */; };
		5CDE88852547D97100F8851A /* UIConfig.swift in Sources */ = {isa = PBXBuildFile; fileRef = 5CDE88842547D97100F8851A /* UIConfig.swift */; };
		74D427AC907F904B65A3B393 /* Pods_vocablearner.framework in Frameworks */ = {isa = PBXBuildFile; fileRef = 5BCE95A46785E70014F984BA /* Pods_vocablearner.framework */; };
/* End PBXBuildFile section */

/* Begin PBXContainerItemProxy section */
		5C11BB76253FF38E00AB4D3B /* PBXContainerItemProxy */ = {
			isa = PBXContainerItemProxy;
			containerPortal = 5C11BB57253FF38B00AB4D3B /* Project object */;
			proxyType = 1;
			remoteGlobalIDString = 5C11BB5E253FF38B00AB4D3B;
			remoteInfo = vocablearner;
		};
		5C11BB81253FF38E00AB4D3B /* PBXContainerItemProxy */ = {
			isa = PBXContainerItemProxy;
			containerPortal = 5C11BB57253FF38B00AB4D3B /* Project object */;
			proxyType = 1;
			remoteGlobalIDString = 5C11BB5E253FF38B00AB4D3B;
			remoteInfo = vocablearner;
		};
/* End PBXContainerItemProxy section */

/* Begin PBXFileReference section */
		0BA6D819B037FC5695745272 /* Pods-vocablearnerTests.debug.xcconfig */ = {isa = PBXFileReference; includeInIndex = 1; lastKnownFileType = text.xcconfig; name = "Pods-vocablearnerTests.debug.xcconfig"; path = "Target Support Files/Pods-vocablearnerTests/Pods-vocablearnerTests.debug.xcconfig"; sourceTree = "<group>"; };
		0FAF03B8256B1F420002B230 /* BaseClient+Test.swift */ = {isa = PBXFileReference; lastKnownFileType = sourcecode.swift; path = "BaseClient+Test.swift"; sourceTree = "<group>"; };
		0FAF03BA256B1FC40002B230 /* AddFinishRequest.swift */ = {isa = PBXFileReference; lastKnownFileType = sourcecode.swift; path = AddFinishRequest.swift; sourceTree = "<group>"; };
		0FAF03BC256B245D0002B230 /* SuccessResponse.swift */ = {isa = PBXFileReference; lastKnownFileType = sourcecode.swift; path = SuccessResponse.swift; sourceTree = "<group>"; };
		59A58AECF02F6547AB67186A /* Pods-vocablearner-vocablearnerUITests.release.xcconfig */ = {isa = PBXFileReference; includeInIndex = 1; lastKnownFileType = text.xcconfig; name = "Pods-vocablearner-vocablearnerUITests.release.xcconfig"; path = "Target Support Files/Pods-vocablearner-vocablearnerUITests/Pods-vocablearner-vocablearnerUITests.release.xcconfig"; sourceTree = "<group>"; };
		5BCE95A46785E70014F984BA /* Pods_vocablearner.framework */ = {isa = PBXFileReference; explicitFileType = wrapper.framework; includeInIndex = 0; path = Pods_vocablearner.framework; sourceTree = BUILT_PRODUCTS_DIR; };
		5C0BB7F5256751D700FC4996 /* AddCateRequest.swift */ = {isa = PBXFileReference; lastKnownFileType = sourcecode.swift; path = AddCateRequest.swift; sourceTree = "<group>"; };
		5C0BB7FA25676BBE00FC4996 /* ValidationHelper.swift */ = {isa = PBXFileReference; lastKnownFileType = sourcecode.swift; path = ValidationHelper.swift; sourceTree = "<group>"; };
		5C11BB5F253FF38B00AB4D3B /* vocablearner.app */ = {isa = PBXFileReference; explicitFileType = wrapper.application; includeInIndex = 0; path = vocablearner.app; sourceTree = BUILT_PRODUCTS_DIR; };
		5C11BB62253FF38B00AB4D3B /* AppDelegate.swift */ = {isa = PBXFileReference; lastKnownFileType = sourcecode.swift; path = AppDelegate.swift; sourceTree = "<group>"; };
		5C11BB64253FF38B00AB4D3B /* SceneDelegate.swift */ = {isa = PBXFileReference; lastKnownFileType = sourcecode.swift; path = SceneDelegate.swift; sourceTree = "<group>"; };
		5C11BB66253FF38B00AB4D3B /* LoginController.swift */ = {isa = PBXFileReference; lastKnownFileType = sourcecode.swift; path = LoginController.swift; sourceTree = "<group>"; };
		5C11BB69253FF38B00AB4D3B /* Base */ = {isa = PBXFileReference; lastKnownFileType = file.storyboard; name = Base; path = Base.lproj/Main.storyboard; sourceTree = "<group>"; };
		5C11BB6B253FF38E00AB4D3B /* Assets.xcassets */ = {isa = PBXFileReference; lastKnownFileType = folder.assetcatalog; path = Assets.xcassets; sourceTree = "<group>"; };
		5C11BB6E253FF38E00AB4D3B /* Base */ = {isa = PBXFileReference; lastKnownFileType = file.storyboard; name = Base; path = Base.lproj/LaunchScreen.storyboard; sourceTree = "<group>"; };
		5C11BB70253FF38E00AB4D3B /* Info.plist */ = {isa = PBXFileReference; lastKnownFileType = text.plist.xml; path = Info.plist; sourceTree = "<group>"; };
		5C11BB75253FF38E00AB4D3B /* vocablearnerTests.xctest */ = {isa = PBXFileReference; explicitFileType = wrapper.cfbundle; includeInIndex = 0; path = vocablearnerTests.xctest; sourceTree = BUILT_PRODUCTS_DIR; };
		5C11BB79253FF38E00AB4D3B /* vocablearnerTests.swift */ = {isa = PBXFileReference; lastKnownFileType = sourcecode.swift; path = vocablearnerTests.swift; sourceTree = "<group>"; };
		5C11BB7B253FF38E00AB4D3B /* Info.plist */ = {isa = PBXFileReference; lastKnownFileType = text.plist.xml; path = Info.plist; sourceTree = "<group>"; };
		5C11BB80253FF38E00AB4D3B /* vocablearnerUITests.xctest */ = {isa = PBXFileReference; explicitFileType = wrapper.cfbundle; includeInIndex = 0; path = vocablearnerUITests.xctest; sourceTree = BUILT_PRODUCTS_DIR; };
		5C11BB84253FF38E00AB4D3B /* vocablearnerUITests.swift */ = {isa = PBXFileReference; lastKnownFileType = sourcecode.swift; path = vocablearnerUITests.swift; sourceTree = "<group>"; };
		5C11BB86253FF38E00AB4D3B /* Info.plist */ = {isa = PBXFileReference; lastKnownFileType = text.plist.xml; path = Info.plist; sourceTree = "<group>"; };
		5C18CCE32547BF15004934C5 /* CategoryCell.swift */ = {isa = PBXFileReference; lastKnownFileType = sourcecode.swift; path = CategoryCell.swift; sourceTree = "<group>"; };
		5C19354F255D34EB008869B4 /* AddCategoryController.swift */ = {isa = PBXFileReference; lastKnownFileType = sourcecode.swift; path = AddCategoryController.swift; sourceTree = "<group>"; };
		5C22F5AB2564B13D00577558 /* CategoryHeaderCell.swift */ = {isa = PBXFileReference; lastKnownFileType = sourcecode.swift; path = CategoryHeaderCell.swift; sourceTree = "<group>"; };
		5C23D7E725412BEF00FF5B8B /* BaseClient.swift */ = {isa = PBXFileReference; fileEncoding = 4; lastKnownFileType = sourcecode.swift; path = BaseClient.swift; sourceTree = "<group>"; };
		5C23D7E825412BEF00FF5B8B /* BaseClient+User.swift */ = {isa = PBXFileReference; fileEncoding = 4; lastKnownFileType = sourcecode.swift; path = "BaseClient+User.swift"; sourceTree = "<group>"; };
		5C23D7FE254173A400FF5B8B /* CurrentUser.swift */ = {isa = PBXFileReference; lastKnownFileType = sourcecode.swift; path = CurrentUser.swift; sourceTree = "<group>"; };
		5C23D8112541796900FF5B8B /* RealmManager.swift */ = {isa = PBXFileReference; lastKnownFileType = sourcecode.swift; path = RealmManager.swift; sourceTree = "<group>"; };
		5C2E0148254A9DB00000E18B /* Binz.txt */ = {isa = PBXFileReference; lastKnownFileType = text; path = Binz.txt; sourceTree = "<group>"; };
		5C2E0156254A9E230000E18B /* VocabularyController.swift */ = {isa = PBXFileReference; lastKnownFileType = sourcecode.swift; path = VocabularyController.swift; sourceTree = "<group>"; };
		5C2E015B254ABD200000E18B /* TestModel.swift */ = {isa = PBXFileReference; lastKnownFileType = sourcecode.swift; path = TestModel.swift; sourceTree = "<group>"; };
		5C2E0160254ABD760000E18B /* TestBaseResponse.swift */ = {isa = PBXFileReference; lastKnownFileType = sourcecode.swift; path = TestBaseResponse.swift; sourceTree = "<group>"; };
		5C4ADC6D254C143800A6B445 /* LearnVocabularyController.swift */ = {isa = PBXFileReference; lastKnownFileType = sourcecode.swift; path = LearnVocabularyController.swift; sourceTree = "<group>"; };
		5C63C6A3255A3517007DB2CC /* GoTestControllerButton.swift */ = {isa = PBXFileReference; lastKnownFileType = sourcecode.swift; path = GoTestControllerButton.swift; sourceTree = "<group>"; };
		5C63C6A8255A3CC9007DB2CC /* OptionView.swift */ = {isa = PBXFileReference; lastKnownFileType = sourcecode.swift; path = OptionView.swift; sourceTree = "<group>"; };
		5C63C6AD255A3F07007DB2CC /* TestCell.swift */ = {isa = PBXFileReference; lastKnownFileType = sourcecode.swift; path = TestCell.swift; sourceTree = "<group>"; };
		5C63C6B5255A4452007DB2CC /* TestController.swift */ = {isa = PBXFileReference; lastKnownFileType = sourcecode.swift; path = TestController.swift; sourceTree = "<group>"; };
		5C77E9272552549800A86469 /* AudioCell.swift */ = {isa = PBXFileReference; lastKnownFileType = sourcecode.swift; path = AudioCell.swift; sourceTree = "<group>"; };
		5C77E92C255254AD00A86469 /* CheckAudioCell.swift */ = {isa = PBXFileReference; lastKnownFileType = sourcecode.swift; path = CheckAudioCell.swift; sourceTree = "<group>"; };
		5C9DECED254A5D6D00DC182F /* MyNote.txt */ = {isa = PBXFileReference; lastKnownFileType = text; path = MyNote.txt; sourceTree = "<group>"; };
		5C9DECFB254A795600DC182F /* VocabularyCell.swift */ = {isa = PBXFileReference; lastKnownFileType = sourcecode.swift; path = VocabularyCell.swift; sourceTree = "<group>"; };
		5C9E4F762540121D00948C49 /* BaseUrl.swift */ = {isa = PBXFileReference; lastKnownFileType = sourcecode.swift; path = BaseUrl.swift; sourceTree = "<group>"; };
		5C9E4F7B2540141500948C49 /* StoryboardString.swift */ = {isa = PBXFileReference; lastKnownFileType = sourcecode.swift; path = StoryboardString.swift; sourceTree = "<group>"; };
		5C9E4F80254014A400948C49 /* CommonResources.swift */ = {isa = PBXFileReference; lastKnownFileType = sourcecode.swift; path = CommonResources.swift; sourceTree = "<group>"; };
		5C9E4F852540153600948C49 /* ServerKey.swift */ = {isa = PBXFileReference; fileEncoding = 4; lastKnownFileType = sourcecode.swift; path = ServerKey.swift; sourceTree = "<group>"; };
		5C9E4F862540153600948C49 /* CommonExtension.swift */ = {isa = PBXFileReference; fileEncoding = 4; lastKnownFileType = sourcecode.swift; path = CommonExtension.swift; sourceTree = "<group>"; };
		5C9E4F872540153600948C49 /* ListTransform.swift */ = {isa = PBXFileReference; fileEncoding = 4; lastKnownFileType = sourcecode.swift; path = ListTransform.swift; sourceTree = "<group>"; };
		5C9E4FA5254024C400948C49 /* DataManager.swift */ = {isa = PBXFileReference; lastKnownFileType = sourcecode.swift; path = DataManager.swift; sourceTree = "<group>"; };
		5C9E4FB72540258B00948C49 /* BaseResponse.swift */ = {isa = PBXFileReference; lastKnownFileType = sourcecode.swift; path = BaseResponse.swift; sourceTree = "<group>"; };
		5C9E4FBC2540273C00948C49 /* UserModel.swift */ = {isa = PBXFileReference; lastKnownFileType = sourcecode.swift; path = UserModel.swift; sourceTree = "<group>"; };
		5C9E4FC12540282300948C49 /* UserInfoResponse.swift */ = {isa = PBXFileReference; lastKnownFileType = sourcecode.swift; path = UserInfoResponse.swift; sourceTree = "<group>"; };
		5C9E833A2542921D00A032E6 /* ParentController.swift */ = {isa = PBXFileReference; lastKnownFileType = sourcecode.swift; path = ParentController.swift; sourceTree = "<group>"; };
		5C9E833F254294D500A032E6 /* EnvironmentConfig.swift */ = {isa = PBXFileReference; lastKnownFileType = sourcecode.swift; path = EnvironmentConfig.swift; sourceTree = "<group>"; };
		5C9E8344254295F600A032E6 /* UserController.swift */ = {isa = PBXFileReference; lastKnownFileType = sourcecode.swift; path = UserController.swift; sourceTree = "<group>"; };
		5C9E83492542962200A032E6 /* CategoryController.swift */ = {isa = PBXFileReference; lastKnownFileType = sourcecode.swift; path = CategoryController.swift; sourceTree = "<group>"; };
		5C9E834E2542B3E100A032E6 /* VocabularyModel.swift */ = {isa = PBXFileReference; lastKnownFileType = sourcecode.swift; path = VocabularyModel.swift; sourceTree = "<group>"; };
		5C9E83532542B4CA00A032E6 /* VocabularyResponse.swift */ = {isa = PBXFileReference; lastKnownFileType = sourcecode.swift; path = VocabularyResponse.swift; sourceTree = "<group>"; };
		5C9E83582542DE0C00A032E6 /* BaseClient+Vocabulary.swift */ = {isa = PBXFileReference; lastKnownFileType = sourcecode.swift; path = "BaseClient+Vocabulary.swift"; sourceTree = "<group>"; };
		5CA34CBF254F9A8C009BBE34 /* LearnVocabularyCell.swift */ = {isa = PBXFileReference; lastKnownFileType = sourcecode.swift; path = LearnVocabularyCell.swift; sourceTree = "<group>"; };
		5CA34CCD254FB401009BBE34 /* ImageCell.swift */ = {isa = PBXFileReference; lastKnownFileType = sourcecode.swift; path = ImageCell.swift; sourceTree = "<group>"; };
		5CB7B0992564F527007011FE /* AddVocabularyController.swift */ = {isa = PBXFileReference; lastKnownFileType = sourcecode.swift; path = AddVocabularyController.swift; sourceTree = "<group>"; };
		5CB7B0A72564F694007011FE /* AddVocabImageCell.swift */ = {isa = PBXFileReference; lastKnownFileType = sourcecode.swift; path = AddVocabImageCell.swift; sourceTree = "<group>"; };
		5CB7B0AC2564F6A9007011FE /* AddCateImageCell.swift */ = {isa = PBXFileReference; lastKnownFileType = sourcecode.swift; path = AddCateImageCell.swift; sourceTree = "<group>"; };
		5CB7B0B12564F764007011FE /* AddCateDefinitionCell.swift */ = {isa = PBXFileReference; lastKnownFileType = sourcecode.swift; path = AddCateDefinitionCell.swift; sourceTree = "<group>"; };
		5CB7B0B62564F7BB007011FE /* AddCateNameCell.swift */ = {isa = PBXFileReference; lastKnownFileType = sourcecode.swift; path = AddCateNameCell.swift; sourceTree = "<group>"; };
		5CB7B0BB2564F7CE007011FE /* AddCateLevelCell.swift */ = {isa = PBXFileReference; lastKnownFileType = sourcecode.swift; path = AddCateLevelCell.swift; sourceTree = "<group>"; };
		5CB7B0C0256606AE007011FE /* AddCateProtocol.swift */ = {isa = PBXFileReference; lastKnownFileType = sourcecode.swift; path = AddCateProtocol.swift; sourceTree = "<group>"; };
		5CBCEFE52555358B0090E74F /* DefinitionCell.swift */ = {isa = PBXFileReference; lastKnownFileType = sourcecode.swift; path = DefinitionCell.swift; sourceTree = "<group>"; };
		5CBCEFF52555465D0090E74F /* TBLDefaultCell.swift */ = {isa = PBXFileReference; lastKnownFileType = sourcecode.swift; path = TBLDefaultCell.swift; sourceTree = "<group>"; };
		5CD4A13B2559235100621E40 /* DocumentManager.swift */ = {isa = PBXFileReference; lastKnownFileType = sourcecode.swift; path = DocumentManager.swift; sourceTree = "<group>"; };
		5CDE88722547C50900F8851A /* CategoryModel.swift */ = {isa = PBXFileReference; lastKnownFileType = sourcecode.swift; path = CategoryModel.swift; sourceTree = "<group>"; };
		5CDE88772547C93400F8851A /* CategoryResponse.swift */ = {isa = PBXFileReference; lastKnownFileType = sourcecode.swift; path = CategoryResponse.swift; sourceTree = "<group>"; };
		5CDE887C2547C9B300F8851A /* BaseClient+Category.swift */ = {isa = PBXFileReference; lastKnownFileType = sourcecode.swift; path = "BaseClient+Category.swift"; sourceTree = "<group>"; };
		5CDE88842547D97100F8851A /* UIConfig.swift */ = {isa = PBXFileReference; lastKnownFileType = sourcecode.swift; path = UIConfig.swift; sourceTree = "<group>"; };
		603ED3FC6EDD6FC093D54BFE /* Pods_vocablearnerTests.framework */ = {isa = PBXFileReference; explicitFileType = wrapper.framework; includeInIndex = 0; path = Pods_vocablearnerTests.framework; sourceTree = BUILT_PRODUCTS_DIR; };
		65030F4481D9D4ED92B5ADBE /* Pods-vocablearner.debug.xcconfig */ = {isa = PBXFileReference; includeInIndex = 1; lastKnownFileType = text.xcconfig; name = "Pods-vocablearner.debug.xcconfig"; path = "Target Support Files/Pods-vocablearner/Pods-vocablearner.debug.xcconfig"; sourceTree = "<group>"; };
		75AF153CA17A7B520CB67034 /* Pods-vocablearner.release.xcconfig */ = {isa = PBXFileReference; includeInIndex = 1; lastKnownFileType = text.xcconfig; name = "Pods-vocablearner.release.xcconfig"; path = "Target Support Files/Pods-vocablearner/Pods-vocablearner.release.xcconfig"; sourceTree = "<group>"; };
		90952CD423BE073DA7F923B0 /* Pods-vocablearner-vocablearnerUITests.debug.xcconfig */ = {isa = PBXFileReference; includeInIndex = 1; lastKnownFileType = text.xcconfig; name = "Pods-vocablearner-vocablearnerUITests.debug.xcconfig"; path = "Target Support Files/Pods-vocablearner-vocablearnerUITests/Pods-vocablearner-vocablearnerUITests.debug.xcconfig"; sourceTree = "<group>"; };
		C1F72480BACCF4D625710B59 /* Pods_vocablearner_vocablearnerUITests.framework */ = {isa = PBXFileReference; explicitFileType = wrapper.framework; includeInIndex = 0; path = Pods_vocablearner_vocablearnerUITests.framework; sourceTree = BUILT_PRODUCTS_DIR; };
		FC1735FEC330E15E3CB5EBD8 /* Pods-vocablearnerTests.release.xcconfig */ = {isa = PBXFileReference; includeInIndex = 1; lastKnownFileType = text.xcconfig; name = "Pods-vocablearnerTests.release.xcconfig"; path = "Target Support Files/Pods-vocablearnerTests/Pods-vocablearnerTests.release.xcconfig"; sourceTree = "<group>"; };
/* End PBXFileReference section */

/* Begin PBXFrameworksBuildPhase section */
		5C11BB5C253FF38B00AB4D3B /* Frameworks */ = {
			isa = PBXFrameworksBuildPhase;
			buildActionMask = 2147483647;
			files = (
				74D427AC907F904B65A3B393 /* Pods_vocablearner.framework in Frameworks */,
			);
			runOnlyForDeploymentPostprocessing = 0;
		};
		5C11BB72253FF38E00AB4D3B /* Frameworks */ = {
			isa = PBXFrameworksBuildPhase;
			buildActionMask = 2147483647;
			files = (
				2FDBDBEF064FAA94BFCFC06C /* Pods_vocablearnerTests.framework in Frameworks */,
			);
			runOnlyForDeploymentPostprocessing = 0;
		};
		5C11BB7D253FF38E00AB4D3B /* Frameworks */ = {
			isa = PBXFrameworksBuildPhase;
			buildActionMask = 2147483647;
			files = (
				36453BA2FF8FD0A7888F7397 /* Pods_vocablearner_vocablearnerUITests.framework in Frameworks */,
			);
			runOnlyForDeploymentPostprocessing = 0;
		};
/* End PBXFrameworksBuildPhase section */

/* Begin PBXGroup section */
		1133B8BD9A1CF22C0741ABEA /* Frameworks */ = {
			isa = PBXGroup;
			children = (
				5BCE95A46785E70014F984BA /* Pods_vocablearner.framework */,
				C1F72480BACCF4D625710B59 /* Pods_vocablearner_vocablearnerUITests.framework */,
				603ED3FC6EDD6FC093D54BFE /* Pods_vocablearnerTests.framework */,
			);
			name = Frameworks;
			path = ..;
			sourceTree = "<group>";
		};
		5C11BB56253FF38B00AB4D3B = {
			isa = PBXGroup;
			children = (
				5C11BB61253FF38B00AB4D3B /* vocablearner */,
				5C11BB78253FF38E00AB4D3B /* vocablearnerTests */,
				5C11BB83253FF38E00AB4D3B /* vocablearnerUITests */,
				5C11BB60253FF38B00AB4D3B /* Products */,
				60DA0DA6E9E614246E78358D /* Pods */,
			);
			sourceTree = "<group>";
		};
		5C11BB60253FF38B00AB4D3B /* Products */ = {
			isa = PBXGroup;
			children = (
				5C11BB5F253FF38B00AB4D3B /* vocablearner.app */,
				5C11BB75253FF38E00AB4D3B /* vocablearnerTests.xctest */,
				5C11BB80253FF38E00AB4D3B /* vocablearnerUITests.xctest */,
			);
			name = Products;
			sourceTree = "<group>";
		};
		5C11BB61253FF38B00AB4D3B /* vocablearner */ = {
			isa = PBXGroup;
			children = (
				5C9DECE9254A5D1200DC182F /* MyBin */,
				5C9E4F92254018D800948C49 /* DataDomain */,
				5C9E4F90254018C600948C49 /* View */,
				5C9E4F752540120000948C49 /* Config */,
				5C11BB62253FF38B00AB4D3B /* AppDelegate.swift */,
				5C11BB64253FF38B00AB4D3B /* SceneDelegate.swift */,
				5C11BB68253FF38B00AB4D3B /* Main.storyboard */,
				5C11BB6B253FF38E00AB4D3B /* Assets.xcassets */,
				5C11BB6D253FF38E00AB4D3B /* LaunchScreen.storyboard */,
				5C11BB70253FF38E00AB4D3B /* Info.plist */,
			);
			path = vocablearner;
			sourceTree = "<group>";
		};
		5C11BB78253FF38E00AB4D3B /* vocablearnerTests */ = {
			isa = PBXGroup;
			children = (
				5C11BB79253FF38E00AB4D3B /* vocablearnerTests.swift */,
				5C11BB7B253FF38E00AB4D3B /* Info.plist */,
			);
			path = vocablearnerTests;
			sourceTree = "<group>";
		};
		5C11BB83253FF38E00AB4D3B /* vocablearnerUITests */ = {
			isa = PBXGroup;
			children = (
				1133B8BD9A1CF22C0741ABEA /* Frameworks */,
				5C11BB84253FF38E00AB4D3B /* vocablearnerUITests.swift */,
				5C11BB86253FF38E00AB4D3B /* Info.plist */,
			);
			path = vocablearnerUITests;
			sourceTree = "<group>";
		};
		5C18CCE22547BEEB004934C5 /* Cell */ = {
			isa = PBXGroup;
			children = (
				5CB7B09E2564F62B007011FE /* AddVocabularyTableCell */,
				5C193554255D3D3B008869B4 /* AddCategoryTableCell */,
				5C77E932255254EB00A86469 /* VocabularyTableCell */,
				5C77E931255254B200A86469 /* CollectionCell */,
				5CBCEFF52555465D0090E74F /* TBLDefaultCell.swift */,
			);
			path = Cell;
			sourceTree = "<group>";
		};
		5C193554255D3D3B008869B4 /* AddCategoryTableCell */ = {
			isa = PBXGroup;
			children = (
				5CB7B0AC2564F6A9007011FE /* AddCateImageCell.swift */,
				5CB7B0B12564F764007011FE /* AddCateDefinitionCell.swift */,
				5CB7B0B62564F7BB007011FE /* AddCateNameCell.swift */,
				5CB7B0BB2564F7CE007011FE /* AddCateLevelCell.swift */,
				5CB7B0C0256606AE007011FE /* AddCateProtocol.swift */,
			);
			path = AddCategoryTableCell;
			sourceTree = "<group>";
		};
		5C23D7E325412BA400FF5B8B /* A */ = {
			isa = PBXGroup;
			children = (
				5C23D7E725412BEF00FF5B8B /* BaseClient.swift */,
				5C23D7E825412BEF00FF5B8B /* BaseClient+User.swift */,
				5CDE887C2547C9B300F8851A /* BaseClient+Category.swift */,
				5C9E83582542DE0C00A032E6 /* BaseClient+Vocabulary.swift */,
				0FAF03B8256B1F420002B230 /* BaseClient+Test.swift */,
			);
			path = A;
			sourceTree = "<group>";
		};
		5C63C6A2255A34D0007DB2CC /* CommonUI */ = {
			isa = PBXGroup;
			children = (
				5C63C6A3255A3517007DB2CC /* GoTestControllerButton.swift */,
				5C63C6A8255A3CC9007DB2CC /* OptionView.swift */,
			);
			path = CommonUI;
			sourceTree = "<group>";
		};
		5C77E931255254B200A86469 /* CollectionCell */ = {
			isa = PBXGroup;
			children = (
				5C18CCE32547BF15004934C5 /* CategoryCell.swift */,
				5C9DECFB254A795600DC182F /* VocabularyCell.swift */,
				5CA34CBF254F9A8C009BBE34 /* LearnVocabularyCell.swift */,
				5C63C6AD255A3F07007DB2CC /* TestCell.swift */,
				5C22F5AB2564B13D00577558 /* CategoryHeaderCell.swift */,
			);
			path = CollectionCell;
			sourceTree = "<group>";
		};
		5C77E932255254EB00A86469 /* VocabularyTableCell */ = {
			isa = PBXGroup;
			children = (
				5CA34CCD254FB401009BBE34 /* ImageCell.swift */,
				5C77E9272552549800A86469 /* AudioCell.swift */,
				5C77E92C255254AD00A86469 /* CheckAudioCell.swift */,
				5CBCEFE52555358B0090E74F /* DefinitionCell.swift */,
			);
			path = VocabularyTableCell;
			sourceTree = "<group>";
		};
		5C9DECE9254A5D1200DC182F /* MyBin */ = {
			isa = PBXGroup;
			children = (
				5C9DECED254A5D6D00DC182F /* MyNote.txt */,
				5C2E0148254A9DB00000E18B /* Binz.txt */,
			);
			path = MyBin;
			sourceTree = "<group>";
		};
		5C9DECF5254A78B400DC182F /* Category */ = {
			isa = PBXGroup;
			children = (
				5C9E83492542962200A032E6 /* CategoryController.swift */,
				5C2E0156254A9E230000E18B /* VocabularyController.swift */,
				5C4ADC6D254C143800A6B445 /* LearnVocabularyController.swift */,
				5C63C6B5255A4452007DB2CC /* TestController.swift */,
				5C19354F255D34EB008869B4 /* AddCategoryController.swift */,
				5CB7B0992564F527007011FE /* AddVocabularyController.swift */,
			);
			path = Category;
			sourceTree = "<group>";
		};
		5C9E4F752540120000948C49 /* Config */ = {
			isa = PBXGroup;
			children = (
				5C9E4F862540153600948C49 /* CommonExtension.swift */,
				5C9E4F872540153600948C49 /* ListTransform.swift */,
				5C9E4F852540153600948C49 /* ServerKey.swift */,
				5C9E4F762540121D00948C49 /* BaseUrl.swift */,
				5C9E4F7B2540141500948C49 /* StoryboardString.swift */,
				5C9E4F80254014A400948C49 /* CommonResources.swift */,
				5C9E833F254294D500A032E6 /* EnvironmentConfig.swift */,
				5CDE88842547D97100F8851A /* UIConfig.swift */,
				5C0BB7FA25676BBE00FC4996 /* ValidationHelper.swift */,
			);
			path = Config;
			sourceTree = "<group>";
		};
		5C9E4F90254018C600948C49 /* View */ = {
			isa = PBXGroup;
			children = (
				5C63C6A2255A34D0007DB2CC /* CommonUI */,
				5C18CCE22547BEEB004934C5 /* Cell */,
				5C9E4F91254018CC00948C49 /* Controller */,
			);
			path = View;
			sourceTree = "<group>";
		};
		5C9E4F91254018CC00948C49 /* Controller */ = {
			isa = PBXGroup;
			children = (
				5C9DECF5254A78B400DC182F /* Category */,
				5C11BB66253FF38B00AB4D3B /* LoginController.swift */,
				5C9E833A2542921D00A032E6 /* ParentController.swift */,
				5C9E8344254295F600A032E6 /* UserController.swift */,
			);
			path = Controller;
			sourceTree = "<group>";
		};
		5C9E4F92254018D800948C49 /* DataDomain */ = {
			isa = PBXGroup;
			children = (
				5C23D7E325412BA400FF5B8B /* A */,
				5C9E4FA4254024AA00948C49 /* DataManager */,
				5C9E4FA22540244B00948C49 /* Model */,
			);
			path = DataDomain;
			sourceTree = "<group>";
		};
		5C9E4FA22540244B00948C49 /* Model */ = {
			isa = PBXGroup;
			children = (
				5C9E4FB72540258B00948C49 /* BaseResponse.swift */,
				5C9E4FC12540282300948C49 /* UserInfoResponse.swift */,
				5C9E4FBC2540273C00948C49 /* UserModel.swift */,
				5CDE88722547C50900F8851A /* CategoryModel.swift */,
				5C9E834E2542B3E100A032E6 /* VocabularyModel.swift */,
				5C9E83532542B4CA00A032E6 /* VocabularyResponse.swift */,
				5CDE88772547C93400F8851A /* CategoryResponse.swift */,
				5C2E015B254ABD200000E18B /* TestModel.swift */,
				5C2E0160254ABD760000E18B /* TestBaseResponse.swift */,
				5C0BB7F5256751D700FC4996 /* AddCateRequest.swift */,
				0FAF03BA256B1FC40002B230 /* AddFinishRequest.swift */,
				0FAF03BC256B245D0002B230 /* SuccessResponse.swift */,
			);
			path = Model;
			sourceTree = "<group>";
		};
		5C9E4FA4254024AA00948C49 /* DataManager */ = {
			isa = PBXGroup;
			children = (
				5C23D7FE254173A400FF5B8B /* CurrentUser.swift */,
				5C9E4FA5254024C400948C49 /* DataManager.swift */,
				5C23D8112541796900FF5B8B /* RealmManager.swift */,
				5CD4A13B2559235100621E40 /* DocumentManager.swift */,
			);
			path = DataManager;
			sourceTree = "<group>";
		};
		5CB7B09E2564F62B007011FE /* AddVocabularyTableCell */ = {
			isa = PBXGroup;
			children = (
				5CB7B0A72564F694007011FE /* AddVocabImageCell.swift */,
			);
			path = AddVocabularyTableCell;
			sourceTree = "<group>";
		};
		60DA0DA6E9E614246E78358D /* Pods */ = {
			isa = PBXGroup;
			children = (
				65030F4481D9D4ED92B5ADBE /* Pods-vocablearner.debug.xcconfig */,
				75AF153CA17A7B520CB67034 /* Pods-vocablearner.release.xcconfig */,
				90952CD423BE073DA7F923B0 /* Pods-vocablearner-vocablearnerUITests.debug.xcconfig */,
				59A58AECF02F6547AB67186A /* Pods-vocablearner-vocablearnerUITests.release.xcconfig */,
				0BA6D819B037FC5695745272 /* Pods-vocablearnerTests.debug.xcconfig */,
				FC1735FEC330E15E3CB5EBD8 /* Pods-vocablearnerTests.release.xcconfig */,
			);
			path = Pods;
			sourceTree = "<group>";
		};
/* End PBXGroup section */

/* Begin PBXNativeTarget section */
		5C11BB5E253FF38B00AB4D3B /* vocablearner */ = {
			isa = PBXNativeTarget;
			buildConfigurationList = 5C11BB89253FF38E00AB4D3B /* Build configuration list for PBXNativeTarget "vocablearner" */;
			buildPhases = (
				CB9EC55F28F5EB106CE9295B /* [CP] Check Pods Manifest.lock */,
				5C11BB5B253FF38B00AB4D3B /* Sources */,
				5C11BB5C253FF38B00AB4D3B /* Frameworks */,
				5C11BB5D253FF38B00AB4D3B /* Resources */,
				FFB11F0ED8C87891D3C0BBCA /* [CP] Embed Pods Frameworks */,
			);
			buildRules = (
			);
			dependencies = (
			);
			name = vocablearner;
			productName = vocablearner;
			productReference = 5C11BB5F253FF38B00AB4D3B /* vocablearner.app */;
			productType = "com.apple.product-type.application";
		};
		5C11BB74253FF38E00AB4D3B /* vocablearnerTests */ = {
			isa = PBXNativeTarget;
			buildConfigurationList = 5C11BB8C253FF38E00AB4D3B /* Build configuration list for PBXNativeTarget "vocablearnerTests" */;
			buildPhases = (
				7422852DA28723D6AB584593 /* [CP] Check Pods Manifest.lock */,
				5C11BB71253FF38E00AB4D3B /* Sources */,
				5C11BB72253FF38E00AB4D3B /* Frameworks */,
				5C11BB73253FF38E00AB4D3B /* Resources */,
			);
			buildRules = (
			);
			dependencies = (
				5C11BB77253FF38E00AB4D3B /* PBXTargetDependency */,
			);
			name = vocablearnerTests;
			productName = vocablearnerTests;
			productReference = 5C11BB75253FF38E00AB4D3B /* vocablearnerTests.xctest */;
			productType = "com.apple.product-type.bundle.unit-test";
		};
		5C11BB7F253FF38E00AB4D3B /* vocablearnerUITests */ = {
			isa = PBXNativeTarget;
			buildConfigurationList = 5C11BB8F253FF38E00AB4D3B /* Build configuration list for PBXNativeTarget "vocablearnerUITests" */;
			buildPhases = (
				F853548A9BD37B100D0F10AC /* [CP] Check Pods Manifest.lock */,
				5C11BB7C253FF38E00AB4D3B /* Sources */,
				5C11BB7D253FF38E00AB4D3B /* Frameworks */,
				5C11BB7E253FF38E00AB4D3B /* Resources */,
				FCEAC04A073759FAD55ACE2E /* [CP] Embed Pods Frameworks */,
			);
			buildRules = (
			);
			dependencies = (
				5C11BB82253FF38E00AB4D3B /* PBXTargetDependency */,
			);
			name = vocablearnerUITests;
			productName = vocablearnerUITests;
			productReference = 5C11BB80253FF38E00AB4D3B /* vocablearnerUITests.xctest */;
			productType = "com.apple.product-type.bundle.ui-testing";
		};
/* End PBXNativeTarget section */

/* Begin PBXProject section */
		5C11BB57253FF38B00AB4D3B /* Project object */ = {
			isa = PBXProject;
			attributes = {
				LastSwiftUpdateCheck = 1200;
				LastUpgradeCheck = 1200;
				TargetAttributes = {
					5C11BB5E253FF38B00AB4D3B = {
						CreatedOnToolsVersion = 12.0.1;
					};
					5C11BB74253FF38E00AB4D3B = {
						CreatedOnToolsVersion = 12.0.1;
						TestTargetID = 5C11BB5E253FF38B00AB4D3B;
					};
					5C11BB7F253FF38E00AB4D3B = {
						CreatedOnToolsVersion = 12.0.1;
						TestTargetID = 5C11BB5E253FF38B00AB4D3B;
					};
				};
			};
			buildConfigurationList = 5C11BB5A253FF38B00AB4D3B /* Build configuration list for PBXProject "vocablearner" */;
			compatibilityVersion = "Xcode 11.4";
			developmentRegion = en;
			hasScannedForEncodings = 0;
			knownRegions = (
				en,
				Base,
			);
			mainGroup = 5C11BB56253FF38B00AB4D3B;
			productRefGroup = 5C11BB60253FF38B00AB4D3B /* Products */;
			projectDirPath = "";
			projectRoot = "";
			targets = (
				5C11BB5E253FF38B00AB4D3B /* vocablearner */,
				5C11BB74253FF38E00AB4D3B /* vocablearnerTests */,
				5C11BB7F253FF38E00AB4D3B /* vocablearnerUITests */,
			);
		};
/* End PBXProject section */

/* Begin PBXResourcesBuildPhase section */
		5C11BB5D253FF38B00AB4D3B /* Resources */ = {
			isa = PBXResourcesBuildPhase;
			buildActionMask = 2147483647;
			files = (
				5C9DECEE254A5D6D00DC182F /* MyNote.txt in Resources */,
				5C11BB6F253FF38E00AB4D3B /* LaunchScreen.storyboard in Resources */,
				5C11BB6C253FF38E00AB4D3B /* Assets.xcassets in Resources */,
				5C2E0149254A9DB00000E18B /* Binz.txt in Resources */,
				5C11BB6A253FF38B00AB4D3B /* Main.storyboard in Resources */,
			);
			runOnlyForDeploymentPostprocessing = 0;
		};
		5C11BB73253FF38E00AB4D3B /* Resources */ = {
			isa = PBXResourcesBuildPhase;
			buildActionMask = 2147483647;
			files = (
			);
			runOnlyForDeploymentPostprocessing = 0;
		};
		5C11BB7E253FF38E00AB4D3B /* Resources */ = {
			isa = PBXResourcesBuildPhase;
			buildActionMask = 2147483647;
			files = (
			);
			runOnlyForDeploymentPostprocessing = 0;
		};
/* End PBXResourcesBuildPhase section */

/* Begin PBXShellScriptBuildPhase section */
		7422852DA28723D6AB584593 /* [CP] Check Pods Manifest.lock */ = {
			isa = PBXShellScriptBuildPhase;
			buildActionMask = 2147483647;
			files = (
			);
			inputFileListPaths = (
			);
			inputPaths = (
				"${PODS_PODFILE_DIR_PATH}/Podfile.lock",
				"${PODS_ROOT}/Manifest.lock",
			);
			name = "[CP] Check Pods Manifest.lock";
			outputFileListPaths = (
			);
			outputPaths = (
				"$(DERIVED_FILE_DIR)/Pods-vocablearnerTests-checkManifestLockResult.txt",
			);
			runOnlyForDeploymentPostprocessing = 0;
			shellPath = /bin/sh;
			shellScript = "diff \"${PODS_PODFILE_DIR_PATH}/Podfile.lock\" \"${PODS_ROOT}/Manifest.lock\" > /dev/null\nif [ $? != 0 ] ; then\n    # print error to STDERR\n    echo \"error: The sandbox is not in sync with the Podfile.lock. Run 'pod install' or update your CocoaPods installation.\" >&2\n    exit 1\nfi\n# This output is used by Xcode 'outputs' to avoid re-running this script phase.\necho \"SUCCESS\" > \"${SCRIPT_OUTPUT_FILE_0}\"\n";
			showEnvVarsInLog = 0;
		};
		CB9EC55F28F5EB106CE9295B /* [CP] Check Pods Manifest.lock */ = {
			isa = PBXShellScriptBuildPhase;
			buildActionMask = 2147483647;
			files = (
			);
			inputFileListPaths = (
			);
			inputPaths = (
				"${PODS_PODFILE_DIR_PATH}/Podfile.lock",
				"${PODS_ROOT}/Manifest.lock",
			);
			name = "[CP] Check Pods Manifest.lock";
			outputFileListPaths = (
			);
			outputPaths = (
				"$(DERIVED_FILE_DIR)/Pods-vocablearner-checkManifestLockResult.txt",
			);
			runOnlyForDeploymentPostprocessing = 0;
			shellPath = /bin/sh;
			shellScript = "diff \"${PODS_PODFILE_DIR_PATH}/Podfile.lock\" \"${PODS_ROOT}/Manifest.lock\" > /dev/null\nif [ $? != 0 ] ; then\n    # print error to STDERR\n    echo \"error: The sandbox is not in sync with the Podfile.lock. Run 'pod install' or update your CocoaPods installation.\" >&2\n    exit 1\nfi\n# This output is used by Xcode 'outputs' to avoid re-running this script phase.\necho \"SUCCESS\" > \"${SCRIPT_OUTPUT_FILE_0}\"\n";
			showEnvVarsInLog = 0;
		};
		F853548A9BD37B100D0F10AC /* [CP] Check Pods Manifest.lock */ = {
			isa = PBXShellScriptBuildPhase;
			buildActionMask = 2147483647;
			files = (
			);
			inputFileListPaths = (
			);
			inputPaths = (
				"${PODS_PODFILE_DIR_PATH}/Podfile.lock",
				"${PODS_ROOT}/Manifest.lock",
			);
			name = "[CP] Check Pods Manifest.lock";
			outputFileListPaths = (
			);
			outputPaths = (
				"$(DERIVED_FILE_DIR)/Pods-vocablearner-vocablearnerUITests-checkManifestLockResult.txt",
			);
			runOnlyForDeploymentPostprocessing = 0;
			shellPath = /bin/sh;
			shellScript = "diff \"${PODS_PODFILE_DIR_PATH}/Podfile.lock\" \"${PODS_ROOT}/Manifest.lock\" > /dev/null\nif [ $? != 0 ] ; then\n    # print error to STDERR\n    echo \"error: The sandbox is not in sync with the Podfile.lock. Run 'pod install' or update your CocoaPods installation.\" >&2\n    exit 1\nfi\n# This output is used by Xcode 'outputs' to avoid re-running this script phase.\necho \"SUCCESS\" > \"${SCRIPT_OUTPUT_FILE_0}\"\n";
			showEnvVarsInLog = 0;
		};
		FCEAC04A073759FAD55ACE2E /* [CP] Embed Pods Frameworks */ = {
			isa = PBXShellScriptBuildPhase;
			buildActionMask = 2147483647;
			files = (
			);
			inputFileListPaths = (
				"${PODS_ROOT}/Target Support Files/Pods-vocablearner-vocablearnerUITests/Pods-vocablearner-vocablearnerUITests-frameworks-${CONFIGURATION}-input-files.xcfilelist",
			);
			name = "[CP] Embed Pods Frameworks";
			outputFileListPaths = (
				"${PODS_ROOT}/Target Support Files/Pods-vocablearner-vocablearnerUITests/Pods-vocablearner-vocablearnerUITests-frameworks-${CONFIGURATION}-output-files.xcfilelist",
			);
			runOnlyForDeploymentPostprocessing = 0;
			shellPath = /bin/sh;
			shellScript = "\"${PODS_ROOT}/Target Support Files/Pods-vocablearner-vocablearnerUITests/Pods-vocablearner-vocablearnerUITests-frameworks.sh\"\n";
			showEnvVarsInLog = 0;
		};
		FFB11F0ED8C87891D3C0BBCA /* [CP] Embed Pods Frameworks */ = {
			isa = PBXShellScriptBuildPhase;
			buildActionMask = 2147483647;
			files = (
			);
			inputFileListPaths = (
				"${PODS_ROOT}/Target Support Files/Pods-vocablearner/Pods-vocablearner-frameworks-${CONFIGURATION}-input-files.xcfilelist",
			);
			name = "[CP] Embed Pods Frameworks";
			outputFileListPaths = (
				"${PODS_ROOT}/Target Support Files/Pods-vocablearner/Pods-vocablearner-frameworks-${CONFIGURATION}-output-files.xcfilelist",
			);
			runOnlyForDeploymentPostprocessing = 0;
			shellPath = /bin/sh;
			shellScript = "\"${PODS_ROOT}/Target Support Files/Pods-vocablearner/Pods-vocablearner-frameworks.sh\"\n";
			showEnvVarsInLog = 0;
		};
/* End PBXShellScriptBuildPhase section */

/* Begin PBXSourcesBuildPhase section */
		5C11BB5B253FF38B00AB4D3B /* Sources */ = {
			isa = PBXSourcesBuildPhase;
			buildActionMask = 2147483647;
			files = (
				5C11BB67253FF38B00AB4D3B /* LoginController.swift in Sources */,
				5C2E0157254A9E230000E18B /* VocabularyController.swift in Sources */,
				5C77E92D255254AD00A86469 /* CheckAudioCell.swift in Sources */,
				5C63C6AE255A3F07007DB2CC /* TestCell.swift in Sources */,
				0FAF03BB256B1FC40002B230 /* AddFinishRequest.swift in Sources */,
				5CB7B0AD2564F6A9007011FE /* AddCateImageCell.swift in Sources */,
				5C9E4FA6254024C400948C49 /* DataManager.swift in Sources */,
				5C0BB7FB25676BBE00FC4996 /* ValidationHelper.swift in Sources */,
				5CD4A13C2559235100621E40 /* DocumentManager.swift in Sources */,
				5CBCEFF62555465D0090E74F /* TBLDefaultCell.swift in Sources */,
				5C193550255D34EB008869B4 /* AddCategoryController.swift in Sources */,
				5CDE88852547D97100F8851A /* UIConfig.swift in Sources */,
				5C9E8345254295F600A032E6 /* UserController.swift in Sources */,
				5C9E83592542DE0C00A032E6 /* BaseClient+Vocabulary.swift in Sources */,
				5C9DECFC254A795600DC182F /* VocabularyCell.swift in Sources */,
				5C18CCE42547BF15004934C5 /* CategoryCell.swift in Sources */,
				5C11BB63253FF38B00AB4D3B /* AppDelegate.swift in Sources */,
				5C2E0161254ABD760000E18B /* TestBaseResponse.swift in Sources */,
				5C9E83542542B4CA00A032E6 /* VocabularyResponse.swift in Sources */,
				5C23D7FF254173A400FF5B8B /* CurrentUser.swift in Sources */,
				5C9E4F81254014A400948C49 /* CommonResources.swift in Sources */,
				5C9E4F8A2540153600948C49 /* ListTransform.swift in Sources */,
				5C22F5AC2564B13D00577558 /* CategoryHeaderCell.swift in Sources */,
				5CA34CCE254FB401009BBE34 /* ImageCell.swift in Sources */,
				5C9E834F2542B3E100A032E6 /* VocabularyModel.swift in Sources */,
				5C77E9282552549800A86469 /* AudioCell.swift in Sources */,
				5C23D8122541796900FF5B8B /* RealmManager.swift in Sources */,
				5C9E8340254294D500A032E6 /* EnvironmentConfig.swift in Sources */,
				5CDE88732547C50900F8851A /* CategoryModel.swift in Sources */,
				5CB7B0B22564F764007011FE /* AddCateDefinitionCell.swift in Sources */,
				5C9E4F7C2540141500948C49 /* StoryboardString.swift in Sources */,
				0FAF03B9256B1F420002B230 /* BaseClient+Test.swift in Sources */,
				5C63C6A4255A3517007DB2CC /* GoTestControllerButton.swift in Sources */,
				5C9E834A2542962200A032E6 /* CategoryController.swift in Sources */,
				0FAF03BD256B245D0002B230 /* SuccessResponse.swift in Sources */,
				5CB7B09A2564F527007011FE /* AddVocabularyController.swift in Sources */,
				5CB7B0C1256606AE007011FE /* AddCateProtocol.swift in Sources */,
				5CBCEFE62555358B0090E74F /* DefinitionCell.swift in Sources */,
				5C9E4FBD2540273C00948C49 /* UserModel.swift in Sources */,
				5CDE88782547C93400F8851A /* CategoryResponse.swift in Sources */,
				5C4ADC6E254C143800A6B445 /* LearnVocabularyController.swift in Sources */,
				5C9E4FC22540282300948C49 /* UserInfoResponse.swift in Sources */,
				5C63C6B6255A4452007DB2CC /* TestController.swift in Sources */,
				5C9E4F772540121D00948C49 /* BaseUrl.swift in Sources */,
				5CB7B0B72564F7BB007011FE /* AddCateNameCell.swift in Sources */,
				5C9E833B2542921D00A032E6 /* ParentController.swift in Sources */,
				5C23D7E925412BEF00FF5B8B /* BaseClient.swift in Sources */,
				5C11BB65253FF38B00AB4D3B /* SceneDelegate.swift in Sources */,
				5CDE887D2547C9B300F8851A /* BaseClient+Category.swift in Sources */,
				5C0BB7F6256751D700FC4996 /* AddCateRequest.swift in Sources */,
				5C2E015C254ABD200000E18B /* TestModel.swift in Sources */,
				5C9E4F892540153600948C49 /* CommonExtension.swift in Sources */,
				5C9E4F882540153600948C49 /* ServerKey.swift in Sources */,
				5C23D7EA25412BEF00FF5B8B /* BaseClient+User.swift in Sources */,
				5CA34CC0254F9A8C009BBE34 /* LearnVocabularyCell.swift in Sources */,
				5CB7B0A82564F694007011FE /* AddVocabImageCell.swift in Sources */,
				5C63C6A9255A3CC9007DB2CC /* OptionView.swift in Sources */,
				5C9E4FB82540258B00948C49 /* BaseResponse.swift in Sources */,
				5CB7B0BC2564F7CE007011FE /* AddCateLevelCell.swift in Sources */,
			);
			runOnlyForDeploymentPostprocessing = 0;
		};
		5C11BB71253FF38E00AB4D3B /* Sources */ = {
			isa = PBXSourcesBuildPhase;
			buildActionMask = 2147483647;
			files = (
				5C11BB7A253FF38E00AB4D3B /* vocablearnerTests.swift in Sources */,
			);
			runOnlyForDeploymentPostprocessing = 0;
		};
		5C11BB7C253FF38E00AB4D3B /* Sources */ = {
			isa = PBXSourcesBuildPhase;
			buildActionMask = 2147483647;
			files = (
				5C11BB85253FF38E00AB4D3B /* vocablearnerUITests.swift in Sources */,
			);
			runOnlyForDeploymentPostprocessing = 0;
		};
/* End PBXSourcesBuildPhase section */

/* Begin PBXTargetDependency section */
		5C11BB77253FF38E00AB4D3B /* PBXTargetDependency */ = {
			isa = PBXTargetDependency;
			target = 5C11BB5E253FF38B00AB4D3B /* vocablearner */;
			targetProxy = 5C11BB76253FF38E00AB4D3B /* PBXContainerItemProxy */;
		};
		5C11BB82253FF38E00AB4D3B /* PBXTargetDependency */ = {
			isa = PBXTargetDependency;
			target = 5C11BB5E253FF38B00AB4D3B /* vocablearner */;
			targetProxy = 5C11BB81253FF38E00AB4D3B /* PBXContainerItemProxy */;
		};
/* End PBXTargetDependency section */

/* Begin PBXVariantGroup section */
		5C11BB68253FF38B00AB4D3B /* Main.storyboard */ = {
			isa = PBXVariantGroup;
			children = (
				5C11BB69253FF38B00AB4D3B /* Base */,
			);
			name = Main.storyboard;
			sourceTree = "<group>";
		};
		5C11BB6D253FF38E00AB4D3B /* LaunchScreen.storyboard */ = {
			isa = PBXVariantGroup;
			children = (
				5C11BB6E253FF38E00AB4D3B /* Base */,
			);
			name = LaunchScreen.storyboard;
			sourceTree = "<group>";
		};
/* End PBXVariantGroup section */

/* Begin XCBuildConfiguration section */
		5C11BB87253FF38E00AB4D3B /* Debug */ = {
			isa = XCBuildConfiguration;
			buildSettings = {
				ALWAYS_SEARCH_USER_PATHS = NO;
				CLANG_ANALYZER_NONNULL = YES;
				CLANG_ANALYZER_NUMBER_OBJECT_CONVERSION = YES_AGGRESSIVE;
				CLANG_CXX_LANGUAGE_STANDARD = "gnu++14";
				CLANG_CXX_LIBRARY = "libc++";
				CLANG_ENABLE_MODULES = YES;
				CLANG_ENABLE_OBJC_ARC = YES;
				CLANG_ENABLE_OBJC_WEAK = YES;
				CLANG_WARN_BLOCK_CAPTURE_AUTORELEASING = YES;
				CLANG_WARN_BOOL_CONVERSION = YES;
				CLANG_WARN_COMMA = YES;
				CLANG_WARN_CONSTANT_CONVERSION = YES;
				CLANG_WARN_DEPRECATED_OBJC_IMPLEMENTATIONS = YES;
				CLANG_WARN_DIRECT_OBJC_ISA_USAGE = YES_ERROR;
				CLANG_WARN_DOCUMENTATION_COMMENTS = YES;
				CLANG_WARN_EMPTY_BODY = YES;
				CLANG_WARN_ENUM_CONVERSION = YES;
				CLANG_WARN_INFINITE_RECURSION = YES;
				CLANG_WARN_INT_CONVERSION = YES;
				CLANG_WARN_NON_LITERAL_NULL_CONVERSION = YES;
				CLANG_WARN_OBJC_IMPLICIT_RETAIN_SELF = YES;
				CLANG_WARN_OBJC_LITERAL_CONVERSION = YES;
				CLANG_WARN_OBJC_ROOT_CLASS = YES_ERROR;
				CLANG_WARN_QUOTED_INCLUDE_IN_FRAMEWORK_HEADER = YES;
				CLANG_WARN_RANGE_LOOP_ANALYSIS = YES;
				CLANG_WARN_STRICT_PROTOTYPES = YES;
				CLANG_WARN_SUSPICIOUS_MOVE = YES;
				CLANG_WARN_UNGUARDED_AVAILABILITY = YES_AGGRESSIVE;
				CLANG_WARN_UNREACHABLE_CODE = YES;
				CLANG_WARN__DUPLICATE_METHOD_MATCH = YES;
				COPY_PHASE_STRIP = NO;
				DEBUG_INFORMATION_FORMAT = dwarf;
				ENABLE_STRICT_OBJC_MSGSEND = YES;
				ENABLE_TESTABILITY = YES;
				GCC_C_LANGUAGE_STANDARD = gnu11;
				GCC_DYNAMIC_NO_PIC = NO;
				GCC_NO_COMMON_BLOCKS = YES;
				GCC_OPTIMIZATION_LEVEL = 0;
				GCC_PREPROCESSOR_DEFINITIONS = (
					"DEBUG=1",
					"$(inherited)",
				);
				GCC_WARN_64_TO_32_BIT_CONVERSION = YES;
				GCC_WARN_ABOUT_RETURN_TYPE = YES_ERROR;
				GCC_WARN_UNDECLARED_SELECTOR = YES;
				GCC_WARN_UNINITIALIZED_AUTOS = YES_AGGRESSIVE;
				GCC_WARN_UNUSED_FUNCTION = YES;
				GCC_WARN_UNUSED_VARIABLE = YES;
				IPHONEOS_DEPLOYMENT_TARGET = 13.5;
				MTL_ENABLE_DEBUG_INFO = INCLUDE_SOURCE;
				MTL_FAST_MATH = YES;
				ONLY_ACTIVE_ARCH = YES;
				SDKROOT = iphoneos;
				SWIFT_ACTIVE_COMPILATION_CONDITIONS = DEBUG;
				SWIFT_OPTIMIZATION_LEVEL = "-Onone";
			};
			name = Debug;
		};
		5C11BB88253FF38E00AB4D3B /* Release */ = {
			isa = XCBuildConfiguration;
			buildSettings = {
				ALWAYS_SEARCH_USER_PATHS = NO;
				CLANG_ANALYZER_NONNULL = YES;
				CLANG_ANALYZER_NUMBER_OBJECT_CONVERSION = YES_AGGRESSIVE;
				CLANG_CXX_LANGUAGE_STANDARD = "gnu++14";
				CLANG_CXX_LIBRARY = "libc++";
				CLANG_ENABLE_MODULES = YES;
				CLANG_ENABLE_OBJC_ARC = YES;
				CLANG_ENABLE_OBJC_WEAK = YES;
				CLANG_WARN_BLOCK_CAPTURE_AUTORELEASING = YES;
				CLANG_WARN_BOOL_CONVERSION = YES;
				CLANG_WARN_COMMA = YES;
				CLANG_WARN_CONSTANT_CONVERSION = YES;
				CLANG_WARN_DEPRECATED_OBJC_IMPLEMENTATIONS = YES;
				CLANG_WARN_DIRECT_OBJC_ISA_USAGE = YES_ERROR;
				CLANG_WARN_DOCUMENTATION_COMMENTS = YES;
				CLANG_WARN_EMPTY_BODY = YES;
				CLANG_WARN_ENUM_CONVERSION = YES;
				CLANG_WARN_INFINITE_RECURSION = YES;
				CLANG_WARN_INT_CONVERSION = YES;
				CLANG_WARN_NON_LITERAL_NULL_CONVERSION = YES;
				CLANG_WARN_OBJC_IMPLICIT_RETAIN_SELF = YES;
				CLANG_WARN_OBJC_LITERAL_CONVERSION = YES;
				CLANG_WARN_OBJC_ROOT_CLASS = YES_ERROR;
				CLANG_WARN_QUOTED_INCLUDE_IN_FRAMEWORK_HEADER = YES;
				CLANG_WARN_RANGE_LOOP_ANALYSIS = YES;
				CLANG_WARN_STRICT_PROTOTYPES = YES;
				CLANG_WARN_SUSPICIOUS_MOVE = YES;
				CLANG_WARN_UNGUARDED_AVAILABILITY = YES_AGGRESSIVE;
				CLANG_WARN_UNREACHABLE_CODE = YES;
				CLANG_WARN__DUPLICATE_METHOD_MATCH = YES;
				COPY_PHASE_STRIP = NO;
				DEBUG_INFORMATION_FORMAT = "dwarf-with-dsym";
				ENABLE_NS_ASSERTIONS = NO;
				ENABLE_STRICT_OBJC_MSGSEND = YES;
				GCC_C_LANGUAGE_STANDARD = gnu11;
				GCC_NO_COMMON_BLOCKS = YES;
				GCC_WARN_64_TO_32_BIT_CONVERSION = YES;
				GCC_WARN_ABOUT_RETURN_TYPE = YES_ERROR;
				GCC_WARN_UNDECLARED_SELECTOR = YES;
				GCC_WARN_UNINITIALIZED_AUTOS = YES_AGGRESSIVE;
				GCC_WARN_UNUSED_FUNCTION = YES;
				GCC_WARN_UNUSED_VARIABLE = YES;
				IPHONEOS_DEPLOYMENT_TARGET = 13.5;
				MTL_ENABLE_DEBUG_INFO = NO;
				MTL_FAST_MATH = YES;
				SDKROOT = iphoneos;
				SWIFT_COMPILATION_MODE = wholemodule;
				SWIFT_OPTIMIZATION_LEVEL = "-O";
				VALIDATE_PRODUCT = YES;
			};
			name = Release;
		};
		5C11BB8A253FF38E00AB4D3B /* Debug */ = {
			isa = XCBuildConfiguration;
			baseConfigurationReference = 65030F4481D9D4ED92B5ADBE /* Pods-vocablearner.debug.xcconfig */;
			buildSettings = {
				ASSETCATALOG_COMPILER_APPICON_NAME = AppIcon;
				ASSETCATALOG_COMPILER_GLOBAL_ACCENT_COLOR_NAME = AccentColor;
				CODE_SIGN_STYLE = Automatic;
				INFOPLIST_FILE = vocablearner/Info.plist;
				IPHONEOS_DEPLOYMENT_TARGET = 13.4;
				LD_RUNPATH_SEARCH_PATHS = (
					"$(inherited)",
					"@executable_path/Frameworks",
				);
				PRODUCT_BUNDLE_IDENTIFIER = Rocky.vocablearner;
				PRODUCT_NAME = "$(TARGET_NAME)";
				SWIFT_VERSION = 5.0;
				TARGETED_DEVICE_FAMILY = 1;
			};
			name = Debug;
		};
		5C11BB8B253FF38E00AB4D3B /* Release */ = {
			isa = XCBuildConfiguration;
			baseConfigurationReference = 75AF153CA17A7B520CB67034 /* Pods-vocablearner.release.xcconfig */;
			buildSettings = {
				ASSETCATALOG_COMPILER_APPICON_NAME = AppIcon;
				ASSETCATALOG_COMPILER_GLOBAL_ACCENT_COLOR_NAME = AccentColor;
				CODE_SIGN_STYLE = Automatic;
				INFOPLIST_FILE = vocablearner/Info.plist;
				IPHONEOS_DEPLOYMENT_TARGET = 13.4;
				LD_RUNPATH_SEARCH_PATHS = (
					"$(inherited)",
					"@executable_path/Frameworks",
				);
				PRODUCT_BUNDLE_IDENTIFIER = Rocky.vocablearner;
				PRODUCT_NAME = "$(TARGET_NAME)";
				SWIFT_VERSION = 5.0;
				TARGETED_DEVICE_FAMILY = 1;
			};
			name = Release;
		};
		5C11BB8D253FF38E00AB4D3B /* Debug */ = {
			isa = XCBuildConfiguration;
			baseConfigurationReference = 0BA6D819B037FC5695745272 /* Pods-vocablearnerTests.debug.xcconfig */;
			buildSettings = {
				ALWAYS_EMBED_SWIFT_STANDARD_LIBRARIES = YES;
				BUNDLE_LOADER = "$(TEST_HOST)";
				CODE_SIGN_STYLE = Automatic;
				INFOPLIST_FILE = vocablearnerTests/Info.plist;
				IPHONEOS_DEPLOYMENT_TARGET = 13.5;
				LD_RUNPATH_SEARCH_PATHS = (
					"$(inherited)",
					"@executable_path/Frameworks",
					"@loader_path/Frameworks",
				);
				PRODUCT_BUNDLE_IDENTIFIER = Rocky.vocablearnerTests;
				PRODUCT_NAME = "$(TARGET_NAME)";
				SWIFT_VERSION = 5.0;
				TARGETED_DEVICE_FAMILY = "1,2";
				TEST_HOST = "$(BUILT_PRODUCTS_DIR)/vocablearner.app/vocablearner";
			};
			name = Debug;
		};
		5C11BB8E253FF38E00AB4D3B /* Release */ = {
			isa = XCBuildConfiguration;
			baseConfigurationReference = FC1735FEC330E15E3CB5EBD8 /* Pods-vocablearnerTests.release.xcconfig */;
			buildSettings = {
				ALWAYS_EMBED_SWIFT_STANDARD_LIBRARIES = YES;
				BUNDLE_LOADER = "$(TEST_HOST)";
				CODE_SIGN_STYLE = Automatic;
				INFOPLIST_FILE = vocablearnerTests/Info.plist;
				IPHONEOS_DEPLOYMENT_TARGET = 13.5;
				LD_RUNPATH_SEARCH_PATHS = (
					"$(inherited)",
					"@executable_path/Frameworks",
					"@loader_path/Frameworks",
				);
				PRODUCT_BUNDLE_IDENTIFIER = Rocky.vocablearnerTests;
				PRODUCT_NAME = "$(TARGET_NAME)";
				SWIFT_VERSION = 5.0;
				TARGETED_DEVICE_FAMILY = "1,2";
				TEST_HOST = "$(BUILT_PRODUCTS_DIR)/vocablearner.app/vocablearner";
			};
			name = Release;
		};
		5C11BB90253FF38E00AB4D3B /* Debug */ = {
			isa = XCBuildConfiguration;
			baseConfigurationReference = 90952CD423BE073DA7F923B0 /* Pods-vocablearner-vocablearnerUITests.debug.xcconfig */;
			buildSettings = {
				ALWAYS_EMBED_SWIFT_STANDARD_LIBRARIES = YES;
				CODE_SIGN_STYLE = Automatic;
				INFOPLIST_FILE = vocablearnerUITests/Info.plist;
				LD_RUNPATH_SEARCH_PATHS = (
					"$(inherited)",
					"@executable_path/Frameworks",
					"@loader_path/Frameworks",
				);
				PRODUCT_BUNDLE_IDENTIFIER = Rocky.vocablearnerUITests;
				PRODUCT_NAME = "$(TARGET_NAME)";
				SWIFT_VERSION = 5.0;
				TARGETED_DEVICE_FAMILY = "1,2";
				TEST_TARGET_NAME = vocablearner;
			};
			name = Debug;
		};
		5C11BB91253FF38E00AB4D3B /* Release */ = {
			isa = XCBuildConfiguration;
			baseConfigurationReference = 59A58AECF02F6547AB67186A /* Pods-vocablearner-vocablearnerUITests.release.xcconfig */;
			buildSettings = {
				ALWAYS_EMBED_SWIFT_STANDARD_LIBRARIES = YES;
				CODE_SIGN_STYLE = Automatic;
				INFOPLIST_FILE = vocablearnerUITests/Info.plist;
				LD_RUNPATH_SEARCH_PATHS = (
					"$(inherited)",
					"@executable_path/Frameworks",
					"@loader_path/Frameworks",
				);
				PRODUCT_BUNDLE_IDENTIFIER = Rocky.vocablearnerUITests;
				PRODUCT_NAME = "$(TARGET_NAME)";
				SWIFT_VERSION = 5.0;
				TARGETED_DEVICE_FAMILY = "1,2";
				TEST_TARGET_NAME = vocablearner;
			};
			name = Release;
		};
/* End XCBuildConfiguration section */

/* Begin XCConfigurationList section */
		5C11BB5A253FF38B00AB4D3B /* Build configuration list for PBXProject "vocablearner" */ = {
			isa = XCConfigurationList;
			buildConfigurations = (
				5C11BB87253FF38E00AB4D3B /* Debug */,
				5C11BB88253FF38E00AB4D3B /* Release */,
			);
			defaultConfigurationIsVisible = 0;
			defaultConfigurationName = Release;
		};
		5C11BB89253FF38E00AB4D3B /* Build configuration list for PBXNativeTarget "vocablearner" */ = {
			isa = XCConfigurationList;
			buildConfigurations = (
				5C11BB8A253FF38E00AB4D3B /* Debug */,
				5C11BB8B253FF38E00AB4D3B /* Release */,
			);
			defaultConfigurationIsVisible = 0;
			defaultConfigurationName = Release;
		};
		5C11BB8C253FF38E00AB4D3B /* Build configuration list for PBXNativeTarget "vocablearnerTests" */ = {
			isa = XCConfigurationList;
			buildConfigurations = (
				5C11BB8D253FF38E00AB4D3B /* Debug */,
				5C11BB8E253FF38E00AB4D3B /* Release */,
			);
			defaultConfigurationIsVisible = 0;
			defaultConfigurationName = Release;
		};
		5C11BB8F253FF38E00AB4D3B /* Build configuration list for PBXNativeTarget "vocablearnerUITests" */ = {
			isa = XCConfigurationList;
			buildConfigurations = (
				5C11BB90253FF38E00AB4D3B /* Debug */,
				5C11BB91253FF38E00AB4D3B /* Release */,
			);
			defaultConfigurationIsVisible = 0;
			defaultConfigurationName = Release;
		};
/* End XCConfigurationList section */
	};
	rootObject = 5C11BB57253FF38B00AB4D3B /* Project object */;
}
